
Microsoft Visual Studio Solution File, Format Version 12.00
# Visual Studio Version 17
VisualStudioVersion = 17.3.32819.101
MinimumVisualStudioVersion = 10.0.40219.1
Project("{FAE04EC0-301F-11D3-BF4B-00C04F79EFBC}") = "CalculatorTest", "CalculatorTest\CalculatorTest.csproj", "{621C1D4F-79E5-43EA-8E44-7F0EA45C57DF}"
EndProject
Project("{FAE04EC0-301F-11D3-BF4B-00C04F79EFBC}") = "Calculator", "Calculator\Calculator.csproj", "{FA52AFE4-85BA-4BF1-84CD-4EED3DE06CBF}"
EndProject
Global
	GlobalSection(SolutionConfigurationPlatforms) = preSolution
		Debug|Any CPU = Debug|Any CPU
		Release|Any CPU = Release|Any CPU
	EndGlobalSection
	GlobalSection(ProjectConfigurationPlatforms) = postSolution
		{621C1D4F-79E5-43EA-8E44-7F0EA45C57DF}.Debug|Any CPU.ActiveCfg = Debug|Any CPU
		{621C1D4F-79E5-43EA-8E44-7F0EA45C57DF}.Debug|Any CPU.Build.0 = Debug|Any CPU
		{621C1D4F-79E5-43EA-8E44-7F0EA45C57DF}.Release|Any CPU.ActiveCfg = Release|Any CPU
		{621C1D4F-79E5-43EA-8E44-7F0EA45C57DF}.Release|Any CPU.Build.0 = Release|Any CPU
		{FA52AFE4-85BA-4BF1-84CD-4EED3DE06CBF}.Debug|Any CPU.ActiveCfg = Debug|Any CPU
		{FA52AFE4-85BA-4BF1-84CD-4EED3DE06CBF}.Debug|Any CPU.Build.0 = Debug|Any CPU
		{FA52AFE4-85BA-4BF1-84CD-4EED3DE06CBF}.Release|Any CPU.ActiveCfg = Release|Any CPU
		{FA52AFE4-85BA-4BF1-84CD-4EED3DE06CBF}.Release|Any CPU.Build.0 = Release|Any CPU
	EndGlobalSection
	GlobalSection(SolutionProperties) = preSolution
		HideSolutionNode = FALSE
	EndGlobalSection
	GlobalSection(ExtensibilityGlobals) = postSolution
		SolutionGuid = {8C6EE7A4-A6E8-4C11-BD53-03555DE3DD98}
	EndGlobalSection
EndGlobal
